
Microsoft Visual Studio Solution File, Format Version 12.00
# Visual Studio 2012
Project("{FAE04EC0-301F-11D3-BF4B-00C04F79EFBC}") = "FishAngler.OverlayHelp.Android.Example", "FishAngler.OverlayHelp.Android.Example\FishAngler.OverlayHelp.Android.Example.csproj", "{82F310C8-9CAE-4690-9405-3EAC4AE2CA08}"
EndProject
Project("{FAE04EC0-301F-11D3-BF4B-00C04F79EFBC}") = "FishAngler.OverlayHelp.Android", "FishAngler.OverlayHelp.Android\FishAngler.OverlayHelp.Android.csproj", "{5D501D66-814F-46E6-8E31-89D66EE247FB}"
EndProject
Project("{FAE04EC0-301F-11D3-BF4B-00C04F79EFBC}") = "FishAngler.OverlayHelp.iOS", "FishAngler.OverlayHelp.iOS\FishAngler.OverlayHelp.iOS.csproj", "{A81D4DB0-B689-4DF5-82EE-43F9C85A62F3}"
EndProject
Project("{FAE04EC0-301F-11D3-BF4B-00C04F79EFBC}") = "FishAngler.OverlayHelp.iOS.Example", "FishAngler.OverlayHelp.iOS.Example\FishAngler.OverlayHelp.iOS.Example.csproj", "{2BB6D900-D4AD-4650-8177-64238F3BDF16}"
EndProject
Global
	GlobalSection(SolutionConfigurationPlatforms) = preSolution
		Debug|Any CPU = Debug|Any CPU
		Release|Any CPU = Release|Any CPU
		Debug|iPhoneSimulator = Debug|iPhoneSimulator
		Release|iPhone = Release|iPhone
		Release|iPhoneSimulator = Release|iPhoneSimulator
		Debug|iPhone = Debug|iPhone
	EndGlobalSection
	GlobalSection(ProjectConfigurationPlatforms) = postSolution
		{82F310C8-9CAE-4690-9405-3EAC4AE2CA08}.Debug|Any CPU.ActiveCfg = Debug|Any CPU
		{82F310C8-9CAE-4690-9405-3EAC4AE2CA08}.Debug|Any CPU.Build.0 = Debug|Any CPU
		{82F310C8-9CAE-4690-9405-3EAC4AE2CA08}.Release|Any CPU.ActiveCfg = Releases|Any CPU
		{82F310C8-9CAE-4690-9405-3EAC4AE2CA08}.Release|Any CPU.Build.0 = Releases|Any CPU
		{82F310C8-9CAE-4690-9405-3EAC4AE2CA08}.Debug|iPhoneSimulator.ActiveCfg = Debug|Any CPU
		{82F310C8-9CAE-4690-9405-3EAC4AE2CA08}.Debug|iPhoneSimulator.Build.0 = Debug|Any CPU
		{82F310C8-9CAE-4690-9405-3EAC4AE2CA08}.Release|iPhone.ActiveCfg = Release|Any CPU
		{82F310C8-9CAE-4690-9405-3EAC4AE2CA08}.Release|iPhone.Build.0 = Release|Any CPU
		{82F310C8-9CAE-4690-9405-3EAC4AE2CA08}.Release|iPhoneSimulator.ActiveCfg = Release|Any CPU
		{82F310C8-9CAE-4690-9405-3EAC4AE2CA08}.Release|iPhoneSimulator.Build.0 = Release|Any CPU
		{82F310C8-9CAE-4690-9405-3EAC4AE2CA08}.Debug|iPhone.ActiveCfg = Debug|Any CPU
		{82F310C8-9CAE-4690-9405-3EAC4AE2CA08}.Debug|iPhone.Build.0 = Debug|Any CPU
		{5D501D66-814F-46E6-8E31-89D66EE247FB}.Debug|Any CPU.ActiveCfg = Debug|Any CPU
		{5D501D66-814F-46E6-8E31-89D66EE247FB}.Debug|Any CPU.Build.0 = Debug|Any CPU
		{5D501D66-814F-46E6-8E31-89D66EE247FB}.Release|Any CPU.ActiveCfg = Release|Any CPU
		{5D501D66-814F-46E6-8E31-89D66EE247FB}.Release|Any CPU.Build.0 = Release|Any CPU
		{5D501D66-814F-46E6-8E31-89D66EE247FB}.Debug|iPhoneSimulator.ActiveCfg = Debug|Any CPU
		{5D501D66-814F-46E6-8E31-89D66EE247FB}.Debug|iPhoneSimulator.Build.0 = Debug|Any CPU
		{5D501D66-814F-46E6-8E31-89D66EE247FB}.Release|iPhone.ActiveCfg = Release|Any CPU
		{5D501D66-814F-46E6-8E31-89D66EE247FB}.Release|iPhone.Build.0 = Release|Any CPU
		{5D501D66-814F-46E6-8E31-89D66EE247FB}.Release|iPhoneSimulator.ActiveCfg = Release|Any CPU
		{5D501D66-814F-46E6-8E31-89D66EE247FB}.Release|iPhoneSimulator.Build.0 = Release|Any CPU
		{5D501D66-814F-46E6-8E31-89D66EE247FB}.Debug|iPhone.ActiveCfg = Debug|Any CPU
		{5D501D66-814F-46E6-8E31-89D66EE247FB}.Debug|iPhone.Build.0 = Debug|Any CPU
		{A81D4DB0-B689-4DF5-82EE-43F9C85A62F3}.Debug|Any CPU.ActiveCfg = Debug|Any CPU
		{A81D4DB0-B689-4DF5-82EE-43F9C85A62F3}.Debug|Any CPU.Build.0 = Debug|Any CPU
		{A81D4DB0-B689-4DF5-82EE-43F9C85A62F3}.Release|Any CPU.ActiveCfg = Release|Any CPU
		{A81D4DB0-B689-4DF5-82EE-43F9C85A62F3}.Release|Any CPU.Build.0 = Release|Any CPU
		{A81D4DB0-B689-4DF5-82EE-43F9C85A62F3}.Debug|iPhoneSimulator.ActiveCfg = Debug|Any CPU
		{A81D4DB0-B689-4DF5-82EE-43F9C85A62F3}.Debug|iPhoneSimulator.Build.0 = Debug|Any CPU
		{A81D4DB0-B689-4DF5-82EE-43F9C85A62F3}.Release|iPhone.ActiveCfg = Release|Any CPU
		{A81D4DB0-B689-4DF5-82EE-43F9C85A62F3}.Release|iPhone.Build.0 = Release|Any CPU
		{A81D4DB0-B689-4DF5-82EE-43F9C85A62F3}.Release|iPhoneSimulator.ActiveCfg = Release|Any CPU
		{A81D4DB0-B689-4DF5-82EE-43F9C85A62F3}.Release|iPhoneSimulator.Build.0 = Release|Any CPU
		{A81D4DB0-B689-4DF5-82EE-43F9C85A62F3}.Debug|iPhone.ActiveCfg = Debug|Any CPU
		{A81D4DB0-B689-4DF5-82EE-43F9C85A62F3}.Debug|iPhone.Build.0 = Debug|Any CPU
		{2BB6D900-D4AD-4650-8177-64238F3BDF16}.Debug|Any CPU.ActiveCfg = Debug|iPhoneSimulator
		{2BB6D900-D4AD-4650-8177-64238F3BDF16}.Debug|Any CPU.Build.0 = Debug|iPhoneSimulator
		{2BB6D900-D4AD-4650-8177-64238F3BDF16}.Release|Any CPU.ActiveCfg = Release|iPhone
		{2BB6D900-D4AD-4650-8177-64238F3BDF16}.Release|Any CPU.Build.0 = Release|iPhone
		{2BB6D900-D4AD-4650-8177-64238F3BDF16}.Debug|iPhoneSimulator.ActiveCfg = Debug|iPhoneSimulator
		{2BB6D900-D4AD-4650-8177-64238F3BDF16}.Debug|iPhoneSimulator.Build.0 = Debug|iPhoneSimulator
		{2BB6D900-D4AD-4650-8177-64238F3BDF16}.Release|iPhone.ActiveCfg = Release|iPhone
		{2BB6D900-D4AD-4650-8177-64238F3BDF16}.Release|iPhone.Build.0 = Release|iPhone
		{2BB6D900-D4AD-4650-8177-64238F3BDF16}.Release|iPhoneSimulator.ActiveCfg = Release|iPhoneSimulator
		{2BB6D900-D4AD-4650-8177-64238F3BDF16}.Release|iPhoneSimulator.Build.0 = Release|iPhoneSimulator
		{2BB6D900-D4AD-4650-8177-64238F3BDF16}.Debug|iPhone.ActiveCfg = Debug|iPhone
		{2BB6D900-D4AD-4650-8177-64238F3BDF16}.Debug|iPhone.Build.0 = Debug|iPhone
	EndGlobalSection
EndGlobal
